
Microsoft Visual Studio Solution File, Format Version 12.00
# Visual Studio 14
VisualStudioVersion = 14.0.25420.1
MinimumVisualStudioVersion = 10.0.40219.1
Project("{FAE04EC0-301F-11D3-BF4B-00C04F79EFBC}") = "DocLib", "DocLib\DocLib.csproj", "{7D85833C-A2C2-4A30-9A4C-CB53887FC3BC}"
EndProject
Project("{FAE04EC0-301F-11D3-BF4B-00C04F79EFBC}") = "DocLib.Tests", "DocLib.Tests\DocLib.Tests.csproj", "{E94541C4-3317-4DE5-A8AF-E45372F357E2}"
EndProject
Project("{FAE04EC0-301F-11D3-BF4B-00C04F79EFBC}") = "DocLib.Domain", "DocLib.Domain\DocLib.Domain.csproj", "{FFB35503-32DD-46FD-B584-3447231C47DC}"
EndProject
Project("{FAE04EC0-301F-11D3-BF4B-00C04F79EFBC}") = "DocLib.Data", "DocLib.Data\DocLib.Data.csproj", "{CB0DBAEA-5D71-4F03-BA29-2DC6FE84D362}"
EndProject
Project("{FAE04EC0-301F-11D3-BF4B-00C04F79EFBC}") = "DocLib.Models", "DocLib.Models\DocLib.Models.csproj", "{D001F625-F102-4B47-B96E-CA2002A47B3B}"
EndProject
Global
	GlobalSection(SolutionConfigurationPlatforms) = preSolution
		Debug|Any CPU = Debug|Any CPU
		Release|Any CPU = Release|Any CPU
	EndGlobalSection
	GlobalSection(ProjectConfigurationPlatforms) = postSolution
		{7D85833C-A2C2-4A30-9A4C-CB53887FC3BC}.Debug|Any CPU.ActiveCfg = Debug|Any CPU
		{7D85833C-A2C2-4A30-9A4C-CB53887FC3BC}.Debug|Any CPU.Build.0 = Debug|Any CPU
		{7D85833C-A2C2-4A30-9A4C-CB53887FC3BC}.Release|Any CPU.ActiveCfg = Release|Any CPU
		{7D85833C-A2C2-4A30-9A4C-CB53887FC3BC}.Release|Any CPU.Build.0 = Release|Any CPU
		{E94541C4-3317-4DE5-A8AF-E45372F357E2}.Debug|Any CPU.ActiveCfg = Debug|Any CPU
		{E94541C4-3317-4DE5-A8AF-E45372F357E2}.Debug|Any CPU.Build.0 = Debug|Any CPU
		{E94541C4-3317-4DE5-A8AF-E45372F357E2}.Release|Any CPU.ActiveCfg = Release|Any CPU
		{E94541C4-3317-4DE5-A8AF-E45372F357E2}.Release|Any CPU.Build.0 = Release|Any CPU
		{FFB35503-32DD-46FD-B584-3447231C47DC}.Debug|Any CPU.ActiveCfg = Debug|Any CPU
		{FFB35503-32DD-46FD-B584-3447231C47DC}.Debug|Any CPU.Build.0 = Debug|Any CPU
		{FFB35503-32DD-46FD-B584-3447231C47DC}.Release|Any CPU.ActiveCfg = Release|Any CPU
		{FFB35503-32DD-46FD-B584-3447231C47DC}.Release|Any CPU.Build.0 = Release|Any CPU
		{CB0DBAEA-5D71-4F03-BA29-2DC6FE84D362}.Debug|Any CPU.ActiveCfg = Debug|Any CPU
		{CB0DBAEA-5D71-4F03-BA29-2DC6FE84D362}.Debug|Any CPU.Build.0 = Debug|Any CPU
		{CB0DBAEA-5D71-4F03-BA29-2DC6FE84D362}.Release|Any CPU.ActiveCfg = Release|Any CPU
		{CB0DBAEA-5D71-4F03-BA29-2DC6FE84D362}.Release|Any CPU.Build.0 = Release|Any CPU
		{D001F625-F102-4B47-B96E-CA2002A47B3B}.Debug|Any CPU.ActiveCfg = Debug|Any CPU
		{D001F625-F102-4B47-B96E-CA2002A47B3B}.Debug|Any CPU.Build.0 = Debug|Any CPU
		{D001F625-F102-4B47-B96E-CA2002A47B3B}.Release|Any CPU.ActiveCfg = Release|Any CPU
		{D001F625-F102-4B47-B96E-CA2002A47B3B}.Release|Any CPU.Build.0 = Release|Any CPU
	EndGlobalSection
	GlobalSection(SolutionProperties) = preSolution
		HideSolutionNode = FALSE
	EndGlobalSection
EndGlobal
